
Microsoft Visual Studio Solution File, Format Version 12.00
# Visual Studio Version 17
VisualStudioVersion = 17.9.34714.143
MinimumVisualStudioVersion = 10.0.40219.1
Project("{FAE04EC0-301F-11D3-BF4B-00C04F79EFBC}") = "Dictionary", "Dictionary\Dictionary.csproj", "{63B84C21-688A-454B-9EEB-EC7E46A5EB41}"
EndProject
Global
	GlobalSection(SolutionConfigurationPlatforms) = preSolution
		Debug|Any CPU = Debug|Any CPU
		Release|Any CPU = Release|Any CPU
	EndGlobalSection
	GlobalSection(ProjectConfigurationPlatforms) = postSolution
		{63B84C21-688A-454B-9EEB-EC7E46A5EB41}.Debug|Any CPU.ActiveCfg = Debug|Any CPU
		{63B84C21-688A-454B-9EEB-EC7E46A5EB41}.Debug|Any CPU.Build.0 = Debug|Any CPU
		{63B84C21-688A-454B-9EEB-EC7E46A5EB41}.Release|Any CPU.ActiveCfg = Release|Any CPU
		{63B84C21-688A-454B-9EEB-EC7E46A5EB41}.Release|Any CPU.Build.0 = Release|Any CPU
	EndGlobalSection
	GlobalSection(SolutionProperties) = preSolution
		HideSolutionNode = FALSE
	EndGlobalSection
	GlobalSection(ExtensibilityGlobals) = postSolution
		SolutionGuid = {16C0B115-6E87-42AF-9994-DB64815A531A}
	EndGlobalSection
EndGlobal
